
Microsoft Visual Studio Solution File, Format Version 12.00
# Visual Studio Version 17
VisualStudioVersion = 17.6.33717.318
MinimumVisualStudioVersion = 10.0.40219.1
Project("{FAE04EC0-301F-11D3-BF4B-00C04F79EFBC}") = "Library", "ConsoleApp1\Library.csproj", "{68D68CA3-A060-4294-8B28-A959C3932D6C}"
EndProject
Global
	GlobalSection(SolutionConfigurationPlatforms) = preSolution
		Debug|Any CPU = Debug|Any CPU
		Release|Any CPU = Release|Any CPU
	EndGlobalSection
	GlobalSection(ProjectConfigurationPlatforms) = postSolution
		{68D68CA3-A060-4294-8B28-A959C3932D6C}.Debug|Any CPU.ActiveCfg = Debug|Any CPU
		{68D68CA3-A060-4294-8B28-A959C3932D6C}.Debug|Any CPU.Build.0 = Debug|Any CPU
		{68D68CA3-A060-4294-8B28-A959C3932D6C}.Release|Any CPU.ActiveCfg = Release|Any CPU
		{68D68CA3-A060-4294-8B28-A959C3932D6C}.Release|Any CPU.Build.0 = Release|Any CPU
	EndGlobalSection
	GlobalSection(SolutionProperties) = preSolution
		HideSolutionNode = FALSE
	EndGlobalSection
	GlobalSection(ExtensibilityGlobals) = postSolution
		SolutionGuid = {C9073AC8-0DD0-4CDE-A25D-C4A8C597173C}
	EndGlobalSection
EndGlobal
